# THIS IS AN AUTOGENERATED FILE. DO NOT EDIT THIS FILE DIRECTLY.
# yarn lockfile v1


bs-platform@^5.2.0:
  version "5.2.0"
  resolved "https://registry.yarnpkg.com/bs-platform/-/bs-platform-5.2.0.tgz#0ec317273daed573491c105f68ea48826a285b7a"
  integrity sha512-miyePsOF9VbuhT5QD5E/hb+l454Fo4MAcg5xV1GJhbWxmejuF/X7mCYUsNrK1UUAaYt8hnoyFdeLG22sxVta9A==

gentype@^2.40.0:
  version "2.40.0"
  resolved "https://registry.yarnpkg.com/gentype/-/gentype-2.40.0.tgz#8e6d54f25fd4ac5eea27135d820e9efd2eed400b"
  integrity sha512-iaNtNZ1igOCcD47PPrQ63hAE7Yh0OggqVsB5o4g/lMLVCjzUZdUwXqlzd+5oEWDiFn1RUp+sb/7/b/Ghj2CJYw==
